
Microsoft Visual Studio Solution File, Format Version 12.00
# Visual Studio 15
VisualStudioVersion = 15.0.28307.421
MinimumVisualStudioVersion = 10.0.40219.1
Project("{888888A0-9F3D-457C-B088-3A5042F75D52}") = "stockRnn2", "stockRnn2\stockRnn2.pyproj", "{45E803F4-63E5-4E84-AFE5-F88C77C124AE}"
EndProject
Global
	GlobalSection(SolutionConfigurationPlatforms) = preSolution
		Debug|Any CPU = Debug|Any CPU
		Release|Any CPU = Release|Any CPU
	EndGlobalSection
	GlobalSection(ProjectConfigurationPlatforms) = postSolution
		{45E803F4-63E5-4E84-AFE5-F88C77C124AE}.Debug|Any CPU.ActiveCfg = Debug|Any CPU
		{45E803F4-63E5-4E84-AFE5-F88C77C124AE}.Release|Any CPU.ActiveCfg = Release|Any CPU
	EndGlobalSection
	GlobalSection(SolutionProperties) = preSolution
		HideSolutionNode = FALSE
	EndGlobalSection
	GlobalSection(ExtensibilityGlobals) = postSolution
		SolutionGuid = {D8E5F72B-42B6-48BA-8D53-E8A4BA73FA38}
	EndGlobalSection
EndGlobal
