
Microsoft Visual Studio Solution File, Format Version 12.00
# Visual Studio 15
VisualStudioVersion = 15.0.28010.2046
MinimumVisualStudioVersion = 10.0.40219.1
Project("{888888A0-9F3D-457C-B088-3A5042F75D52}") = "bin_classification2", "bin_classification2\bin_classification2.pyproj", "{91398C4A-C106-45ED-928F-71F08B1909B2}"
EndProject
Global
	GlobalSection(SolutionConfigurationPlatforms) = preSolution
		Debug|Any CPU = Debug|Any CPU
		Release|Any CPU = Release|Any CPU
	EndGlobalSection
	GlobalSection(ProjectConfigurationPlatforms) = postSolution
		{91398C4A-C106-45ED-928F-71F08B1909B2}.Debug|Any CPU.ActiveCfg = Debug|Any CPU
		{91398C4A-C106-45ED-928F-71F08B1909B2}.Release|Any CPU.ActiveCfg = Release|Any CPU
	EndGlobalSection
	GlobalSection(SolutionProperties) = preSolution
		HideSolutionNode = FALSE
	EndGlobalSection
	GlobalSection(ExtensibilityGlobals) = postSolution
		SolutionGuid = {C09980AC-7B3E-41B5-9A55-E7DEE3978411}
	EndGlobalSection
EndGlobal
