
Microsoft Visual Studio Solution File, Format Version 12.00
# Visual Studio 15
VisualStudioVersion = 15.0.28010.2046
MinimumVisualStudioVersion = 10.0.40219.1
Project("{888888A0-9F3D-457C-B088-3A5042F75D52}") = "chatEx1", "chatEx1\chatEx1.pyproj", "{058D02C4-F226-4572-852A-FA56385B27E0}"
EndProject
Global
	GlobalSection(SolutionConfigurationPlatforms) = preSolution
		Debug|Any CPU = Debug|Any CPU
		Release|Any CPU = Release|Any CPU
	EndGlobalSection
	GlobalSection(ProjectConfigurationPlatforms) = postSolution
		{058D02C4-F226-4572-852A-FA56385B27E0}.Debug|Any CPU.ActiveCfg = Debug|Any CPU
		{058D02C4-F226-4572-852A-FA56385B27E0}.Release|Any CPU.ActiveCfg = Release|Any CPU
	EndGlobalSection
	GlobalSection(SolutionProperties) = preSolution
		HideSolutionNode = FALSE
	EndGlobalSection
	GlobalSection(ExtensibilityGlobals) = postSolution
		SolutionGuid = {72EBD33E-5943-48F8-82A4-8F3EC38B6CD8}
	EndGlobalSection
EndGlobal
